// !$*UTF8*$!
{
	archiveVersion = 1;
	classes = {
	};
	objectVersion = 46;
	objects = {

/* Begin PBXBuildFile section */
		361BEE3015EE7C8F00F86C30 /* UIKit.framework in Frameworks */ = {isa = PBXBuildFile; fileRef = 361BEE2F15EE7C8F00F86C30 /* UIKit.framework */; };
		361BEE3215EE7C8F00F86C30 /* Foundation.framework in Frameworks */ = {isa = PBXBuildFile; fileRef = 361BEE3115EE7C8F00F86C30 /* Foundation.framework */; };
		361BEE3415EE7C8F00F86C30 /* CoreGraphics.framework in Frameworks */ = {isa = PBXBuildFile; fileRef = 361BEE3315EE7C8F00F86C30 /* CoreGraphics.framework */; };
		361BEE3A15EE7C8F00F86C30 /* InfoPlist.strings in Resources */ = {isa = PBXBuildFile; fileRef = 361BEE3815EE7C8F00F86C30 /* InfoPlist.strings */; };
		361BEE3C15EE7C8F00F86C30 /* main.m in Sources */ = {isa = PBXBuildFile; fileRef = 361BEE3B15EE7C8F00F86C30 /* main.m */; };
		361BEE4015EE7C8F00F86C30 /* AppDelegate.m in Sources */ = {isa = PBXBuildFile; fileRef = 361BEE3F15EE7C8F00F86C30 /* AppDelegate.m */; };
		361BEE4315EE7C8F00F86C30 /* ViewController.m in Sources */ = {isa = PBXBuildFile; fileRef = 361BEE4215EE7C8F00F86C30 /* ViewController.m */; };
		361BEE4615EE7C8F00F86C30 /* ViewController.xib in Resources */ = {isa = PBXBuildFile; fileRef = 361BEE4415EE7C8F00F86C30 /* ViewController.xib */; };
		361BEE4E15EE7CBD00F86C30 /* TCPServer.m in Sources */ = {isa = PBXBuildFile; fileRef = 361BEE4D15EE7CBD00F86C30 /* TCPServer.m */; };
/* End PBXBuildFile section */

/* Begin PBXFileReference section */
		361BEE2B15EE7C8F00F86C30 /* TCPServer.app */ = {isa = PBXFileReference; explicitFileType = wrapper.application; includeInIndex = 0; path = TCPServer.app; sourceTree = BUILT_PRODUCTS_DIR; };
		361BEE2F15EE7C8F00F86C30 /* UIKit.framework */ = {isa = PBXFileReference; lastKnownFileType = wrapper.framework; name = UIKit.framework; path = System/Library/Frameworks/UIKit.framework; sourceTree = SDKROOT; };
		361BEE3115EE7C8F00F86C30 /* Foundation.framework */ = {isa = PBXFileReference; lastKnownFileType = wrapper.framework; name = Foundation.framework; path = System/Library/Frameworks/Foundation.framework; sourceTree = SDKROOT; };
		361BEE3315EE7C8F00F86C30 /* CoreGraphics.framework */ = {isa = PBXFileReference; lastKnownFileType = wrapper.framework; name = CoreGraphics.framework; path = System/Library/Frameworks/CoreGraphics.framework; sourceTree = SDKROOT; };
		361BEE3715EE7C8F00F86C30 /* TCPServer-Info.plist */ = {isa = PBXFileReference; lastKnownFileType = text.plist.xml; path = "TCPServer-Info.plist"; sourceTree = "<group>"; };
		361BEE3915EE7C8F00F86C30 /* en */ = {isa = PBXFileReference; lastKnownFileType = text.plist.strings; name = en; path = en.lproj/InfoPlist.strings; sourceTree = "<group>"; };
		361BEE3B15EE7C8F00F86C30 /* main.m */ = {isa = PBXFileReference; lastKnownFileType = sourcecode.c.objc; path = main.m; sourceTree = "<group>"; };
		361BEE3D15EE7C8F00F86C30 /* TCPServer-Prefix.pch */ = {isa = PBXFileReference; lastKnownFileType = sourcecode.c.h; path = "TCPServer-Prefix.pch"; sourceTree = "<group>"; };
		361BEE3E15EE7C8F00F86C30 /* AppDelegate.h */ = {isa = PBXFileReference; lastKnownFileType = sourcecode.c.h; path = AppDelegate.h; sourceTree = "<group>"; };
		361BEE3F15EE7C8F00F86C30 /* AppDelegate.m */ = {isa = PBXFileReference; lastKnownFileType = sourcecode.c.objc; path = AppDelegate.m; sourceTree = "<group>"; };
		361BEE4115EE7C8F00F86C30 /* ViewController.h */ = {isa = PBXFileReference; lastKnownFileType = sourcecode.c.h; path = ViewController.h; sourceTree = "<group>"; };
		361BEE4215EE7C8F00F86C30 /* ViewController.m */ = {isa = PBXFileReference; lastKnownFileType = sourcecode.c.objc; path = ViewController.m; sourceTree = "<group>"; };
		361BEE4515EE7C8F00F86C30 /* en */ = {isa = PBXFileReference; lastKnownFileType = file.xib; name = en; path = en.lproj/ViewController.xib; sourceTree = "<group>"; };
		361BEE4C15EE7CBD00F86C30 /* TCPServer.h */ = {isa = PBXFileReference; fileEncoding = 4; lastKnownFileType = sourcecode.c.h; path = TCPServer.h; sourceTree = "<group>"; };
		361BEE4D15EE7CBD00F86C30 /* TCPServer.m */ = {isa = PBXFileReference; fileEncoding = 4; lastKnownFileType = sourcecode.c.objc; path = TCPServer.m; sourceTree = "<group>"; };
/* End PBXFileReference section */

/* Begin PBXFrameworksBuildPhase section */
		361BEE2815EE7C8F00F86C30 /* Frameworks */ = {
			isa = PBXFrameworksBuildPhase;
			buildActionMask = 2147483647;
			files = (
				361BEE3015EE7C8F00F86C30 /* UIKit.framework in Frameworks */,
				361BEE3215EE7C8F00F86C30 /* Foundation.framework in Frameworks */,
				361BEE3415EE7C8F00F86C30 /* CoreGraphics.framework in Frameworks */,
			);
			runOnlyForDeploymentPostprocessing = 0;
		};
/* End PBXFrameworksBuildPhase section */

/* Begin PBXGroup section */
		361BEE2015EE7C8F00F86C30 = {
			isa = PBXGroup;
			children = (
				361BEE3515EE7C8F00F86C30 /* TCPServer */,
				361BEE2E15EE7C8F00F86C30 /* Frameworks */,
				361BEE2C15EE7C8F00F86C30 /* Products */,
			);
			sourceTree = "<group>";
		};
		361BEE2C15EE7C8F00F86C30 /* Products */ = {
			isa = PBXGroup;
			children = (
				361BEE2B15EE7C8F00F86C30 /* TCPServer.app */,
			);
			name = Products;
			sourceTree = "<group>";
		};
		361BEE2E15EE7C8F00F86C30 /* Frameworks */ = {
			isa = PBXGroup;
			children = (
				361BEE2F15EE7C8F00F86C30 /* UIKit.framework */,
				361BEE3115EE7C8F00F86C30 /* Foundation.framework */,
				361BEE3315EE7C8F00F86C30 /* CoreGraphics.framework */,
			);
			name = Frameworks;
			sourceTree = "<group>";
		};
		361BEE3515EE7C8F00F86C30 /* TCPServer */ = {
			isa = PBXGroup;
			children = (
				361BEE3E15EE7C8F00F86C30 /* AppDelegate.h */,
				361BEE3F15EE7C8F00F86C30 /* AppDelegate.m */,
				361BEE4115EE7C8F00F86C30 /* ViewController.h */,
				361BEE4215EE7C8F00F86C30 /* ViewController.m */,
				361BEE4415EE7C8F00F86C30 /* ViewController.xib */,
				361BEE3615EE7C8F00F86C30 /* Supporting Files */,
				361BEE4C15EE7CBD00F86C30 /* TCPServer.h */,
				361BEE4D15EE7CBD00F86C30 /* TCPServer.m */,
			);
			path = TCPServer;
			sourceTree = "<group>";
		};
		361BEE3615EE7C8F00F86C30 /* Supporting Files */ = {
			isa = PBXGroup;
			children = (
				361BEE3715EE7C8F00F86C30 /* TCPServer-Info.plist */,
				361BEE3815EE7C8F00F86C30 /* InfoPlist.strings */,
				361BEE3B15EE7C8F00F86C30 /* main.m */,
				361BEE3D15EE7C8F00F86C30 /* TCPServer-Prefix.pch */,
			);
			name = "Supporting Files";
			sourceTree = "<group>";
		};
/* End PBXGroup section */

/* Begin PBXNativeTarget section */
		361BEE2A15EE7C8F00F86C30 /* TCPServer */ = {
			isa = PBXNativeTarget;
			buildConfigurationList = 361BEE4915EE7C8F00F86C30 /* Build configuration list for PBXNativeTarget "TCPServer" */;
			buildPhases = (
				361BEE2715EE7C8F00F86C30 /* Sources */,
				361BEE2815EE7C8F00F86C30 /* Frameworks */,
				361BEE2915EE7C8F00F86C30 /* Resources */,
			);
			buildRules = (
			);
			dependencies = (
			);
			name = TCPServer;
			productName = TCPServer;
			productReference = 361BEE2B15EE7C8F00F86C30 /* TCPServer.app */;
			productType = "com.apple.product-type.application";
		};
/* End PBXNativeTarget section */

/* Begin PBXProject section */
		361BEE2215EE7C8F00F86C30 /* Project object */ = {
			isa = PBXProject;
			attributes = {
				LastUpgradeCheck = 0440;
				ORGANIZATIONNAME = KILAB;
			};
			buildConfigurationList = 361BEE2515EE7C8F00F86C30 /* Build configuration list for PBXProject "TCPServer" */;
			compatibilityVersion = "Xcode 3.2";
			developmentRegion = English;
			hasScannedForEncodings = 0;
			knownRegions = (
				en,
			);
			mainGroup = 361BEE2015EE7C8F00F86C30;
			productRefGroup = 361BEE2C15EE7C8F00F86C30 /* Products */;
			projectDirPath = "";
			projectRoot = "";
			targets = (
				361BEE2A15EE7C8F00F86C30 /* TCPServer */,
			);
		};
/* End PBXProject section */

/* Begin PBXResourcesBuildPhase section */
		361BEE2915EE7C8F00F86C30 /* Resources */ = {
			isa = PBXResourcesBuildPhase;
			buildActionMask = 2147483647;
			files = (
				361BEE3A15EE7C8F00F86C30 /* InfoPlist.strings in Resources */,
				361BEE4615EE7C8F00F86C30 /* ViewController.xib in Resources */,
			);
			runOnlyForDeploymentPostprocessing = 0;
		};
/* End PBXResourcesBuildPhase section */

/* Begin PBXSourcesBuildPhase section */
		361BEE2715EE7C8F00F86C30 /* Sources */ = {
			isa = PBXSourcesBuildPhase;
			buildActionMask = 2147483647;
			files = (
				361BEE3C15EE7C8F00F86C30 /* main.m in Sources */,
				361BEE4015EE7C8F00F86C30 /* AppDelegate.m in Sources */,
				361BEE4315EE7C8F00F86C30 /* ViewController.m in Sources */,
				361BEE4E15EE7CBD00F86C30 /* TCPServer.m in Sources */,
			);
			runOnlyForDeploymentPostprocessing = 0;
		};
/* End PBXSourcesBuildPhase section */

/* Begin PBXVariantGroup section */
		361BEE3815EE7C8F00F86C30 /* InfoPlist.strings */ = {
			isa = PBXVariantGroup;
			children = (
				361BEE3915EE7C8F00F86C30 /* en */,
			);
			name = InfoPlist.strings;
			sourceTree = "<group>";
		};
		361BEE4415EE7C8F00F86C30 /* ViewController.xib */ = {
			isa = PBXVariantGroup;
			children = (
				361BEE4515EE7C8F00F86C30 /* en */,
			);
			name = ViewController.xib;
			sourceTree = "<group>";
		};
/* End PBXVariantGroup section */

/* Begin XCBuildConfiguration section */
		361BEE4715EE7C8F00F86C30 /* Debug */ = {
			isa = XCBuildConfiguration;
			buildSettings = {
				ALWAYS_SEARCH_USER_PATHS = NO;
				ARCHS = "$(ARCHS_STANDARD_32_BIT)";
				CLANG_CXX_LANGUAGE_STANDARD = "gnu++0x";
				CLANG_ENABLE_OBJC_ARC = YES;
				CLANG_WARN__DUPLICATE_METHOD_MATCH = YES;
				"CODE_SIGN_IDENTITY[sdk=iphoneos*]" = "iPhone Developer";
				COPY_PHASE_STRIP = NO;
				GCC_C_LANGUAGE_STANDARD = gnu99;
				GCC_DYNAMIC_NO_PIC = NO;
				GCC_OPTIMIZATION_LEVEL = 0;
				GCC_PREPROCESSOR_DEFINITIONS = (
					"DEBUG=1",
					"$(inherited)",
				);
				GCC_SYMBOLS_PRIVATE_EXTERN = NO;
				GCC_VERSION = com.apple.compilers.llvm.clang.1_0;
				GCC_WARN_ABOUT_RETURN_TYPE = YES;
				GCC_WARN_UNINITIALIZED_AUTOS = YES;
				GCC_WARN_UNUSED_VARIABLE = YES;
				IPHONEOS_DEPLOYMENT_TARGET = 5.1;
				SDKROOT = iphoneos;
			};
			name = Debug;
		};
		361BEE4815EE7C8F00F86C30 /* Release */ = {
			isa = XCBuildConfiguration;
			buildSettings = {
				ALWAYS_SEARCH_USER_PATHS = NO;
				ARCHS = "$(ARCHS_STANDARD_32_BIT)";
				CLANG_CXX_LANGUAGE_STANDARD = "gnu++0x";
				CLANG_ENABLE_OBJC_ARC = YES;
				CLANG_WARN__DUPLICATE_METHOD_MATCH = YES;
				"CODE_SIGN_IDENTITY[sdk=iphoneos*]" = "iPhone Developer";
				COPY_PHASE_STRIP = YES;
				GCC_C_LANGUAGE_STANDARD = gnu99;
				GCC_VERSION = com.apple.compilers.llvm.clang.1_0;
				GCC_WARN_ABOUT_RETURN_TYPE = YES;
				GCC_WARN_UNINITIALIZED_AUTOS = YES;
				GCC_WARN_UNUSED_VARIABLE = YES;
				IPHONEOS_DEPLOYMENT_TARGET = 5.1;
				OTHER_CFLAGS = "-DNS_BLOCK_ASSERTIONS=1";
				SDKROOT = iphoneos;
				VALIDATE_PRODUCT = YES;
			};
			name = Release;
		};
		361BEE4A15EE7C8F00F86C30 /* Debug */ = {
			isa = XCBuildConfiguration;
			buildSettings = {
				GCC_PRECOMPILE_PREFIX_HEADER = YES;
				GCC_PREFIX_HEADER = "TCPServer/TCPServer-Prefix.pch";
				INFOPLIST_FILE = "TCPServer/TCPServer-Info.plist";
				PRODUCT_NAME = "$(TARGET_NAME)";
				WRAPPER_EXTENSION = app;
			};
			name = Debug;
		};
		361BEE4B15EE7C8F00F86C30 /* Release */ = {
			isa = XCBuildConfiguration;
			buildSettings = {
				GCC_PRECOMPILE_PREFIX_HEADER = YES;
				GCC_PREFIX_HEADER = "TCPServer/TCPServer-Prefix.pch";
				INFOPLIST_FILE = "TCPServer/TCPServer-Info.plist";
				PRODUCT_NAME = "$(TARGET_NAME)";
				WRAPPER_EXTENSION = app;
			};
			name = Release;
		};
/* End XCBuildConfiguration section */

/* Begin XCConfigurationList section */
		361BEE2515EE7C8F00F86C30 /* Build configuration list for PBXProject "TCPServer" */ = {
			isa = XCConfigurationList;
			buildConfigurations = (
				361BEE4715EE7C8F00F86C30 /* Debug */,
				361BEE4815EE7C8F00F86C30 /* Release */,
			);
			defaultConfigurationIsVisible = 0;
			defaultConfigurationName = Release;
		};
		361BEE4915EE7C8F00F86C30 /* Build configuration list for PBXNativeTarget "TCPServer" */ = {
			isa = XCConfigurationList;
			buildConfigurations = (
				361BEE4A15EE7C8F00F86C30 /* Debug */,
				361BEE4B15EE7C8F00F86C30 /* Release */,
			);
			defaultConfigurationIsVisible = 0;
		};
/* End XCConfigurationList section */
	};
	rootObject = 361BEE2215EE7C8F00F86C30 /* Project object */;
}
